
Microsoft Visual Studio Solution File, Format Version 9.00
# Visual Studio 2005
Project("{FAE04EC0-301F-11D3-BF4B-00C04F79EFBC}") = "SQL-Scripter", "Scriptio\SQL-Scripter.csproj", "{D00DC776-3386-4146-9AD8-8408FA0F5FD7}"
EndProject
Project("{54435603-DBB4-11D2-8724-00A0C9A8B90C}") = "Setup1", "Setup1\Setup1.vdproj", "{9CE83EAB-39CD-49F9-980A-8443AAB17615}"
EndProject
Global
	GlobalSection(SolutionConfigurationPlatforms) = preSolution
		Debug|Any CPU = Debug|Any CPU
		Release|Any CPU = Release|Any CPU
	EndGlobalSection
	GlobalSection(ProjectConfigurationPlatforms) = postSolution
		{D00DC776-3386-4146-9AD8-8408FA0F5FD7}.Debug|Any CPU.ActiveCfg = Debug|Any CPU
		{D00DC776-3386-4146-9AD8-8408FA0F5FD7}.Debug|Any CPU.Build.0 = Debug|Any CPU
		{D00DC776-3386-4146-9AD8-8408FA0F5FD7}.Release|Any CPU.ActiveCfg = Release|Any CPU
		{D00DC776-3386-4146-9AD8-8408FA0F5FD7}.Release|Any CPU.Build.0 = Release|Any CPU
		{9CE83EAB-39CD-49F9-980A-8443AAB17615}.Debug|Any CPU.ActiveCfg = Debug
		{9CE83EAB-39CD-49F9-980A-8443AAB17615}.Release|Any CPU.ActiveCfg = Release
	EndGlobalSection
	GlobalSection(SolutionProperties) = preSolution
		HideSolutionNode = FALSE
	EndGlobalSection
EndGlobal
